<?xml version="1.0" encoding="utf-8"?>
<Project ToolsVersion="4.0" xmlns="http://schemas.microsoft.com/developer/msbuild/2003">
  <ItemGroup>
    <Filter Include="來源檔案">
      <UniqueIdentifier>{4FC737F1-C7A5-4376-A066-2A32D752A2FF}</UniqueIdentifier>
      <Extensions>cpp;c;cc;cxx;c++;cppm;ixx;def;odl;idl;hpj;bat;asm;asmx</Extensions>
    </Filter>
    <Filter Include="標頭檔">
      <UniqueIdentifier>{93995380-89BD-4b04-88EB-625FBE52EBFB}</UniqueIdentifier>
      <Extensions>h;hh;hpp;hxx;h++;hm;inl;inc;ipp;xsd</Extensions>
    </Filter>
    <Filter Include="資源檔">
      <UniqueIdentifier>{67DA6AB6-F800-4c08-8B7A-83BB121AAD01}</UniqueIdentifier>
      <Extensions>rc;ico;cur;bmp;dlg;rc2;rct;bin;rgs;gif;jpg;jpeg;jpe;resx;tiff;tif;png;wav;mfcribbon-ms</Extensions>
    </Filter>
    <Filter Include="BlurEngine">
      <UniqueIdentifier>{4b418660-1192-47d4-be03-acc66d361b90}</UniqueIdentifier>
    </Filter>
    <Filter Include="BlurEngine\BoxBlur">
      <UniqueIdentifier>{702e87d8-da4e-4875-af00-d08f8615e101}</UniqueIdentifier>
    </Filter>
    <Filter Include="BlurEngine\GaussianBlur">
      <UniqueIdentifier>{e9c3093d-010b-4dc1-95c2-290cd629cb56}</UniqueIdentifier>
    </Filter>
    <Filter Include="BlurEngine\MedianBlur">
      <UniqueIdentifier>{12bc2312-d25c-4fa8-97e7-eff751d02a3a}</UniqueIdentifier>
    </Filter>
    <Filter Include="Utils">
      <UniqueIdentifier>{60a518b6-77f1-44cd-a021-69015c76174c}</UniqueIdentifier>
    </Filter>
    <Filter Include="Utils\OpenCV">
      <UniqueIdentifier>{acff108c-e7a6-4a41-9ce5-fd24ca74eeb2}</UniqueIdentifier>
    </Filter>
    <Filter Include="Utils\ImageCore">
      <UniqueIdentifier>{525f2835-5a8d-48d2-b8cc-2b33ecb5c8b4}</UniqueIdentifier>
    </Filter>
    <Filter Include="Utils\Thread">
      <UniqueIdentifier>{a9fd7487-0968-4567-9739-8deab651c9e7}</UniqueIdentifier>
    </Filter>
    <Filter Include="Utils\CLBlur">
      <UniqueIdentifier>{0b28effd-3f0b-45dd-9209-8f773ccf3e7a}</UniqueIdentifier>
    </Filter>
    <Filter Include="Utils\Logger">
      <UniqueIdentifier>{675638b0-f9aa-44aa-bf84-f14f01200c83}</UniqueIdentifier>
    </Filter>
  </ItemGroup>
  <ItemGroup>
    <ClInclude Include="BlurEngine\BoxBlur\BoxBlur.h">
      <Filter>BlurEngine\BoxBlur</Filter>
    </ClInclude>
    <ClInclude Include="BlurEngine\BoxBlur\BoxBlurStrategy.h">
      <Filter>BlurEngine\BoxBlur</Filter>
    </ClInclude>
    <ClInclude Include="BlurEngine\BoxBlur\DPBoxBlur.h">
      <Filter>BlurEngine\BoxBlur</Filter>
    </ClInclude>
    <ClInclude Include="BlurEngine\BoxBlur\DPBoxBlurHelper.h">
      <Filter>BlurEngine\BoxBlur</Filter>
    </ClInclude>
    <ClInclude Include="BlurEngine\BoxBlur\MTDPBoxBlur.h">
      <Filter>BlurEngine\BoxBlur</Filter>
    </ClInclude>
    <ClInclude Include="BlurEngine\BoxBlur\NaiveBoxBlur.h">
      <Filter>BlurEngine\BoxBlur</Filter>
    </ClInclude>
    <ClInclude Include="BlurEngine\GaussianBlur\GaussianBlur.h">
      <Filter>BlurEngine\GaussianBlur</Filter>
    </ClInclude>
    <ClInclude Include="BlurEngine\MedianBlur\MedianBlur.h">
      <Filter>BlurEngine\MedianBlur</Filter>
    </ClInclude>
    <ClInclude Include="BlurEngine\IBlur.h">
      <Filter>BlurEngine</Filter>
    </ClInclude>
    <ClInclude Include="Utils\ImageCore\ImageBuffer.h">
      <Filter>Utils\ImageCore</Filter>
    </ClInclude>
    <ClInclude Include="Utils\Thread\ThreadTool.h">
      <Filter>Utils\Thread</Filter>
    </ClInclude>
    <ClInclude Include="Utils\OpenCV\OpenCVAdapter.h">
      <Filter>Utils\OpenCV</Filter>
    </ClInclude>
    <ClInclude Include="Utils\CLBlur\CLBlur.h">
      <Filter>Utils\CLBlur</Filter>
    </ClInclude>
    <ClInclude Include="BlurEngine\BlurFactory.h">
      <Filter>BlurEngine\BoxBlur</Filter>
    </ClInclude>
    <ClInclude Include="Utils\Logger\Logger.h">
      <Filter>Utils\Logger</Filter>
    </ClInclude>
  </ItemGroup>
  <ItemGroup>
    <ClCompile Include="BlurEngine\BoxBlur\BoxBlur.cpp">
      <Filter>BlurEngine\BoxBlur</Filter>
    </ClCompile>
    <ClCompile Include="BlurEngine\BoxBlur\DPBoxBlur.cpp">
      <Filter>BlurEngine\BoxBlur</Filter>
    </ClCompile>
    <ClCompile Include="BlurEngine\BoxBlur\DPBoxBlurHelper.cpp">
      <Filter>BlurEngine\BoxBlur</Filter>
    </ClCompile>
    <ClCompile Include="BlurEngine\BoxBlur\MTDPBoxBlur.cpp">
      <Filter>BlurEngine\BoxBlur</Filter>
    </ClCompile>
    <ClCompile Include="BlurEngine\BoxBlur\NaiveBoxBlur.cpp">
      <Filter>BlurEngine\BoxBlur</Filter>
    </ClCompile>
    <ClCompile Include="BlurEngine\GaussianBlur\GaussianBlur.cpp">
      <Filter>BlurEngine\GaussianBlur</Filter>
    </ClCompile>
    <ClCompile Include="BlurEngine\MedianBlur\MedianBlur.cpp">
      <Filter>BlurEngine\MedianBlur</Filter>
    </ClCompile>
    <ClCompile Include="BlurEngine\IBlur.cpp">
      <Filter>BlurEngine</Filter>
    </ClCompile>
    <ClCompile Include="Utils\ImageCore\ImageBuffer.cpp">
      <Filter>Utils\ImageCore</Filter>
    </ClCompile>
    <ClCompile Include="Utils\Thread\ThreadTool.cpp">
      <Filter>Utils\Thread</Filter>
    </ClCompile>
    <ClCompile Include="Utils\OpenCV\OpenCVAdapter.cpp">
      <Filter>Utils\OpenCV</Filter>
    </ClCompile>
    <ClCompile Include="Utils\CLBlur\CLBlur.cpp">
      <Filter>Utils\CLBlur</Filter>
    </ClCompile>
    <ClCompile Include="BlurEngine\BlurFactory.cpp">
      <Filter>BlurEngine\BoxBlur</Filter>
    </ClCompile>
    <ClCompile Include="Utils\Logger\Logger.cpp">
      <Filter>Utils\Logger</Filter>
    </ClCompile>
  </ItemGroup>
</Project>